
Microsoft Visual Studio Solution File, Format Version 12.00
# Visual Studio Version 17
VisualStudioVersion = 17.4.33205.214
MinimumVisualStudioVersion = 10.0.40219.1
Project("{8BC9CEB8-8B4A-11D0-8D11-00A0C91BC942}") = "W02P1_OOP", "W02P1_OOP.vcxproj", "{C78B7803-EF82-4E7F-8EE3-6714F052C7FE}"
EndProject
Global
	GlobalSection(SolutionConfigurationPlatforms) = preSolution
		Debug|x64 = Debug|x64
		Debug|x86 = Debug|x86
		Release|x64 = Release|x64
		Release|x86 = Release|x86
	EndGlobalSection
	GlobalSection(ProjectConfigurationPlatforms) = postSolution
		{C78B7803-EF82-4E7F-8EE3-6714F052C7FE}.Debug|x64.ActiveCfg = Debug|x64
		{C78B7803-EF82-4E7F-8EE3-6714F052C7FE}.Debug|x64.Build.0 = Debug|x64
		{C78B7803-EF82-4E7F-8EE3-6714F052C7FE}.Debug|x86.ActiveCfg = Debug|Win32
		{C78B7803-EF82-4E7F-8EE3-6714F052C7FE}.Debug|x86.Build.0 = Debug|Win32
		{C78B7803-EF82-4E7F-8EE3-6714F052C7FE}.Release|x64.ActiveCfg = Release|x64
		{C78B7803-EF82-4E7F-8EE3-6714F052C7FE}.Release|x64.Build.0 = Release|x64
		{C78B7803-EF82-4E7F-8EE3-6714F052C7FE}.Release|x86.ActiveCfg = Release|Win32
		{C78B7803-EF82-4E7F-8EE3-6714F052C7FE}.Release|x86.Build.0 = Release|Win32
	EndGlobalSection
	GlobalSection(SolutionProperties) = preSolution
		HideSolutionNode = FALSE
	EndGlobalSection
	GlobalSection(ExtensibilityGlobals) = postSolution
		SolutionGuid = {AB93D4B6-8FCF-4759-BF9E-5CA18F489D93}
	EndGlobalSection
EndGlobal
